// !$*UTF8*$!
{
	archiveVersion = 1;
	classes = {
	};
	objectVersion = 55;
	objects = {

/* Begin PBXFileReference section */
		2DFD0C902812FDD8000A7216 /* selection_sort.swift */ = {isa = PBXFileReference; lastKnownFileType = sourcecode.swift; path = selection_sort.swift; sourceTree = "<group>"; };
		2DFD0C9228130662000A7216 /* recursion_countdown.swift */ = {isa = PBXFileReference; lastKnownFileType = sourcecode.swift; path = recursion_countdown.swift; sourceTree = "<group>"; };
/* End PBXFileReference section */

/* Begin PBXGroup section */
		2DFD0C892812FDB9000A7216 = {
			isa = PBXGroup;
			children = (
				2DFD0C9228130662000A7216 /* recursion_countdown.swift */,
				2DFD0C902812FDD8000A7216 /* selection_sort.swift */,
			);
			sourceTree = "<group>";
		};
/* End PBXGroup section */

/* Begin PBXProject section */
		2DFD0C8A2812FDB9000A7216 /* Project object */ = {
			isa = PBXProject;
			attributes = {
				BuildIndependentTargetsInParallel = 1;
				LastUpgradeCheck = 1320;
			};
			buildConfigurationList = 2DFD0C8D2812FDB9000A7216 /* Build configuration list for PBXProject "SwiftAlgorithms" */;
			compatibilityVersion = "Xcode 13.0";
			developmentRegion = en;
			hasScannedForEncodings = 0;
			knownRegions = (
				en,
				Base,
				ru,
			);
			mainGroup = 2DFD0C892812FDB9000A7216;
			projectDirPath = "";
			projectRoot = "";
			targets = (
			);
		};
/* End PBXProject section */

/* Begin XCBuildConfiguration section */
		2DFD0C8E2812FDB9000A7216 /* Debug */ = {
			isa = XCBuildConfiguration;
			buildSettings = {
			};
			name = Debug;
		};
		2DFD0C8F2812FDB9000A7216 /* Release */ = {
			isa = XCBuildConfiguration;
			buildSettings = {
			};
			name = Release;
		};
/* End XCBuildConfiguration section */

/* Begin XCConfigurationList section */
		2DFD0C8D2812FDB9000A7216 /* Build configuration list for PBXProject "SwiftAlgorithms" */ = {
			isa = XCConfigurationList;
			buildConfigurations = (
				2DFD0C8E2812FDB9000A7216 /* Debug */,
				2DFD0C8F2812FDB9000A7216 /* Release */,
			);
			defaultConfigurationIsVisible = 0;
			defaultConfigurationName = Release;
		};
/* End XCConfigurationList section */
	};
	rootObject = 2DFD0C8A2812FDB9000A7216 /* Project object */;
}
